{
  "lockfile_version": "1",
  "packages": {
    "cargo@latest": {
      "last_modified": "2026-01-23T17:20:52Z",
      "resolved": "github:NixOS/nixpkgs/a1bab9e494f5f4939442a57a58d0449a109593fe#cargo",
      "source": "devbox-search",
      "version": "1.92.0",
      "systems": {
        "aarch64-darwin": {
          "outputs": [
            {
              "name": "out",
              "path": "/nix/store/v4bvnkm0p5x41fhybskr0cf2zvkgyrvv-cargo-1.92.0",
              "default": true
            }
          ],
          "store_path": "/nix/store/v4bvnkm0p5x41fhybskr0cf2zvkgyrvv-cargo-1.92.0"
        },
        "aarch64-linux": {
          "outputs": [
            {
              "name": "out",
              "path": "/nix/store/piiqs6x2m8gv0n3z3pys8scn0y673piy-cargo-1.92.0",
              "default": true
            }
          ],
          "store_path": "/nix/store/piiqs6x2m8gv0n3z3pys8scn0y673piy-cargo-1.92.0"
        },
        "x86_64-darwin": {
          "outputs": [
            {
              "name": "out",
              "path": "/nix/store/wf6279pgydd1nny4s5nx1msian6dbf9p-cargo-1.92.0",
              "default": true
            }
          ],
          "store_path": "/nix/store/wf6279pgydd1nny4s5nx1msian6dbf9p-cargo-1.92.0"
        },
        "x86_64-linux": {
          "outputs": [
            {
              "name": "out",
              "path": "/nix/store/yqcsaywfvcyy9wmbzb5fawp29icgi7cb-cargo-1.92.0",
              "default": true
            }
          ],
          "store_path": "/nix/store/yqcsaywfvcyy9wmbzb5fawp29icgi7cb-cargo-1.92.0"
        }
      }
    },
    "github:NixOS/nixpkgs/nixpkgs-unstable": {
      "last_modified": "2026-02-11T21:01:36Z",
      "resolved": "github:NixOS/nixpkgs/2343bbb58f99267223bc2aac4fc9ea301a155a16?lastModified=1770843696&narHash=sha256-LovWTGDwXhkfCOmbgLVA10bvsi%2FP8eDDpRudgk68HA8%3D"
    },
    "rust-analyzer@latest": {
      "last_modified": "2026-02-11T03:47:03Z",
      "resolved": "github:NixOS/nixpkgs/c05d2232d2feaa4c7a07f1168606917402868195#rust-analyzer",
      "source": "devbox-search",
      "version": "2026-02-09",
      "systems": {
        "aarch64-darwin": {
          "outputs": [
            {
              "name": "out",
              "path": "/nix/store/kmgb3izb7q40394rnb901kbw6bv71plq-rust-analyzer-2026-02-09",
              "default": true
            }
          ],
          "store_path": "/nix/store/kmgb3izb7q40394rnb901kbw6bv71plq-rust-analyzer-2026-02-09"
        },
        "aarch64-linux": {
          "outputs": [
            {
              "name": "out",
              "path": "/nix/store/wk0slwl3zsxvm9vyhan6y317lzwlnb8r-rust-analyzer-2026-02-09",
              "default": true
            }
          ],
          "store_path": "/nix/store/wk0slwl3zsxvm9vyhan6y317lzwlnb8r-rust-analyzer-2026-02-09"
        },
        "x86_64-darwin": {
          "outputs": [
            {
              "name": "out",
              "path": "/nix/store/ymppfplhskbhxfcsb7660fpkgl46gdk9-rust-analyzer-2026-02-09",
              "default": true
            }
          ],
          "store_path": "/nix/store/ymppfplhskbhxfcsb7660fpkgl46gdk9-rust-analyzer-2026-02-09"
        },
        "x86_64-linux": {
          "outputs": [
            {
              "name": "out",
              "path": "/nix/store/d3w292bfxl997brr70mgai5hq4ia4gdq-rust-analyzer-2026-02-09",
              "default": true
            }
          ],
          "store_path": "/nix/store/d3w292bfxl997brr70mgai5hq4ia4gdq-rust-analyzer-2026-02-09"
        }
      }
    },
    "rustc@latest": {
      "last_modified": "2026-01-23T17:20:52Z",
      "plugin_version": "0.0.1",
      "resolved": "github:NixOS/nixpkgs/a1bab9e494f5f4939442a57a58d0449a109593fe#rustc",
      "source": "devbox-search",
      "version": "1.92.0",
      "systems": {
        "aarch64-darwin": {
          "outputs": [
            {
              "name": "out",
              "path": "/nix/store/ymskl36napcfgl6wjz1xdjn0jd25inrv-rustc-wrapper-1.92.0",
              "default": true
            },
            {
              "name": "man",
              "path": "/nix/store/ch54xfkz0dlqvhbinzlbkva2898nvihl-rustc-wrapper-1.92.0-man",
              "default": true
            },
            {
              "name": "doc",
              "path": "/nix/store/09yhz82jqxwbmn4dbjy7p9hrvbr4g0mn-rustc-wrapper-1.92.0-doc"
            }
          ],
          "store_path": "/nix/store/ymskl36napcfgl6wjz1xdjn0jd25inrv-rustc-wrapper-1.92.0"
        },
        "aarch64-linux": {
          "outputs": [
            {
              "name": "out",
              "path": "/nix/store/qnvqgfiqh8s08cqp452665l2b60a811h-rustc-wrapper-1.92.0",
              "default": true
            },
            {
              "name": "man",
              "path": "/nix/store/5ggpm5m3wkxj05si2id4b6sq4alf90qg-rustc-wrapper-1.92.0-man",
              "default": true
            },
            {
              "name": "doc",
              "path": "/nix/store/camfpqmi94ssc1p8vkygp2s621ykq80m-rustc-wrapper-1.92.0-doc"
            }
          ],
          "store_path": "/nix/store/qnvqgfiqh8s08cqp452665l2b60a811h-rustc-wrapper-1.92.0"
        },
        "x86_64-darwin": {
          "outputs": [
            {
              "name": "out",
              "path": "/nix/store/zkcwgmgli06nsh0v8yv82gnh5whgcdyl-rustc-wrapper-1.92.0",
              "default": true
            },
            {
              "name": "man",
              "path": "/nix/store/2k3fdy9xjwkx06rlfwfn449w442vgk0i-rustc-wrapper-1.92.0-man",
              "default": true
            },
            {
              "name": "doc",
              "path": "/nix/store/7271gqq93bbxrqb9rw3hf5b5x6wdm2cn-rustc-wrapper-1.92.0-doc"
            }
          ],
          "store_path": "/nix/store/zkcwgmgli06nsh0v8yv82gnh5whgcdyl-rustc-wrapper-1.92.0"
        },
        "x86_64-linux": {
          "outputs": [
            {
              "name": "out",
              "path": "/nix/store/qvpg842zrjkywv7sqgw2h05spdyzcj86-rustc-wrapper-1.92.0",
              "default": true
            },
            {
              "name": "man",
              "path": "/nix/store/n1d4093lcx7ljgks1j352fbrf5w551v9-rustc-wrapper-1.92.0-man",
              "default": true
            },
            {
              "name": "doc",
              "path": "/nix/store/425gvb2xnhkwb1izjr97wpwdwndwi516-rustc-wrapper-1.92.0-doc"
            }
          ],
          "store_path": "/nix/store/qvpg842zrjkywv7sqgw2h05spdyzcj86-rustc-wrapper-1.92.0"
        }
      }
    }
  }
}
